
Microsoft Visual Studio Solution File, Format Version 12.00
# Visual Studio 15
VisualStudioVersion = 15.0.28307.489
MinimumVisualStudioVersion = 10.0.40219.1
Project("{8BC9CEB8-8B4A-11D0-8D11-00A0C91BC942}") = "P1603 斯诺登的密码", "P1603 斯诺登的密码\P1603 斯诺登的密码.vcxproj", "{093E81E1-5482-4505-BBA9-2F9F5D454105}"
EndProject
Global
	GlobalSection(SolutionConfigurationPlatforms) = preSolution
		Debug|x64 = Debug|x64
		Debug|x86 = Debug|x86
		Release|x64 = Release|x64
		Release|x86 = Release|x86
	EndGlobalSection
	GlobalSection(ProjectConfigurationPlatforms) = postSolution
		{093E81E1-5482-4505-BBA9-2F9F5D454105}.Debug|x64.ActiveCfg = Debug|x64
		{093E81E1-5482-4505-BBA9-2F9F5D454105}.Debug|x64.Build.0 = Debug|x64
		{093E81E1-5482-4505-BBA9-2F9F5D454105}.Debug|x86.ActiveCfg = Debug|Win32
		{093E81E1-5482-4505-BBA9-2F9F5D454105}.Debug|x86.Build.0 = Debug|Win32
		{093E81E1-5482-4505-BBA9-2F9F5D454105}.Release|x64.ActiveCfg = Release|x64
		{093E81E1-5482-4505-BBA9-2F9F5D454105}.Release|x64.Build.0 = Release|x64
		{093E81E1-5482-4505-BBA9-2F9F5D454105}.Release|x86.ActiveCfg = Release|Win32
		{093E81E1-5482-4505-BBA9-2F9F5D454105}.Release|x86.Build.0 = Release|Win32
	EndGlobalSection
	GlobalSection(SolutionProperties) = preSolution
		HideSolutionNode = FALSE
	EndGlobalSection
	GlobalSection(ExtensibilityGlobals) = postSolution
		SolutionGuid = {D1F7F164-3C49-47AE-A03B-92F41247329C}
	EndGlobalSection
EndGlobal
