
Microsoft Visual Studio Solution File, Format Version 12.00
# Visual Studio 15
VisualStudioVersion = 15.0.28307.489
MinimumVisualStudioVersion = 10.0.40219.1
Project("{8BC9CEB8-8B4A-11D0-8D11-00A0C91BC942}") = "P1019 单词接龙", "P1019 单词接龙\P1019 单词接龙.vcxproj", "{D2AAF939-2253-4BFA-890F-D12E9CB57A2D}"
EndProject
Global
	GlobalSection(SolutionConfigurationPlatforms) = preSolution
		Debug|x64 = Debug|x64
		Debug|x86 = Debug|x86
		Release|x64 = Release|x64
		Release|x86 = Release|x86
	EndGlobalSection
	GlobalSection(ProjectConfigurationPlatforms) = postSolution
		{D2AAF939-2253-4BFA-890F-D12E9CB57A2D}.Debug|x64.ActiveCfg = Debug|x64
		{D2AAF939-2253-4BFA-890F-D12E9CB57A2D}.Debug|x64.Build.0 = Debug|x64
		{D2AAF939-2253-4BFA-890F-D12E9CB57A2D}.Debug|x86.ActiveCfg = Debug|Win32
		{D2AAF939-2253-4BFA-890F-D12E9CB57A2D}.Debug|x86.Build.0 = Debug|Win32
		{D2AAF939-2253-4BFA-890F-D12E9CB57A2D}.Release|x64.ActiveCfg = Release|x64
		{D2AAF939-2253-4BFA-890F-D12E9CB57A2D}.Release|x64.Build.0 = Release|x64
		{D2AAF939-2253-4BFA-890F-D12E9CB57A2D}.Release|x86.ActiveCfg = Release|Win32
		{D2AAF939-2253-4BFA-890F-D12E9CB57A2D}.Release|x86.Build.0 = Release|Win32
	EndGlobalSection
	GlobalSection(SolutionProperties) = preSolution
		HideSolutionNode = FALSE
	EndGlobalSection
	GlobalSection(ExtensibilityGlobals) = postSolution
		SolutionGuid = {091FE374-261F-43ED-9ED1-667C96F253EE}
	EndGlobalSection
EndGlobal
