
Microsoft Visual Studio Solution File, Format Version 12.00
# Visual Studio 15
VisualStudioVersion = 15.0.28307.489
MinimumVisualStudioVersion = 10.0.40219.1
Project("{8BC9CEB8-8B4A-11D0-8D11-00A0C91BC942}") = "选题二十七：推销员问题", "选题二十七：推销员问题\选题二十七：推销员问题.vcxproj", "{B7D5EDBF-358D-4815-BE29-C8376DA091F8}"
EndProject
Global
	GlobalSection(SolutionConfigurationPlatforms) = preSolution
		Debug|x64 = Debug|x64
		Debug|x86 = Debug|x86
		Release|x64 = Release|x64
		Release|x86 = Release|x86
	EndGlobalSection
	GlobalSection(ProjectConfigurationPlatforms) = postSolution
		{B7D5EDBF-358D-4815-BE29-C8376DA091F8}.Debug|x64.ActiveCfg = Debug|x64
		{B7D5EDBF-358D-4815-BE29-C8376DA091F8}.Debug|x64.Build.0 = Debug|x64
		{B7D5EDBF-358D-4815-BE29-C8376DA091F8}.Debug|x86.ActiveCfg = Debug|Win32
		{B7D5EDBF-358D-4815-BE29-C8376DA091F8}.Debug|x86.Build.0 = Debug|Win32
		{B7D5EDBF-358D-4815-BE29-C8376DA091F8}.Release|x64.ActiveCfg = Release|x64
		{B7D5EDBF-358D-4815-BE29-C8376DA091F8}.Release|x64.Build.0 = Release|x64
		{B7D5EDBF-358D-4815-BE29-C8376DA091F8}.Release|x86.ActiveCfg = Release|Win32
		{B7D5EDBF-358D-4815-BE29-C8376DA091F8}.Release|x86.Build.0 = Release|Win32
	EndGlobalSection
	GlobalSection(SolutionProperties) = preSolution
		HideSolutionNode = FALSE
	EndGlobalSection
	GlobalSection(ExtensibilityGlobals) = postSolution
		SolutionGuid = {48CC8E35-E8BC-4C6A-8F9A-81D572DF595A}
	EndGlobalSection
EndGlobal
