
Microsoft Visual Studio Solution File, Format Version 12.00
# Visual Studio 15
VisualStudioVersion = 15.0.28307.489
MinimumVisualStudioVersion = 10.0.40219.1
Project("{8BC9CEB8-8B4A-11D0-8D11-00A0C91BC942}") = "P1040 加分二叉树", "P1040 加分二叉树\P1040 加分二叉树.vcxproj", "{1A83DD4A-4105-4FFB-BFB3-8A2DA73E09E5}"
EndProject
Global
	GlobalSection(SolutionConfigurationPlatforms) = preSolution
		Debug|x64 = Debug|x64
		Debug|x86 = Debug|x86
		Release|x64 = Release|x64
		Release|x86 = Release|x86
	EndGlobalSection
	GlobalSection(ProjectConfigurationPlatforms) = postSolution
		{1A83DD4A-4105-4FFB-BFB3-8A2DA73E09E5}.Debug|x64.ActiveCfg = Debug|x64
		{1A83DD4A-4105-4FFB-BFB3-8A2DA73E09E5}.Debug|x64.Build.0 = Debug|x64
		{1A83DD4A-4105-4FFB-BFB3-8A2DA73E09E5}.Debug|x86.ActiveCfg = Debug|Win32
		{1A83DD4A-4105-4FFB-BFB3-8A2DA73E09E5}.Debug|x86.Build.0 = Debug|Win32
		{1A83DD4A-4105-4FFB-BFB3-8A2DA73E09E5}.Release|x64.ActiveCfg = Release|x64
		{1A83DD4A-4105-4FFB-BFB3-8A2DA73E09E5}.Release|x64.Build.0 = Release|x64
		{1A83DD4A-4105-4FFB-BFB3-8A2DA73E09E5}.Release|x86.ActiveCfg = Release|Win32
		{1A83DD4A-4105-4FFB-BFB3-8A2DA73E09E5}.Release|x86.Build.0 = Release|Win32
	EndGlobalSection
	GlobalSection(SolutionProperties) = preSolution
		HideSolutionNode = FALSE
	EndGlobalSection
	GlobalSection(ExtensibilityGlobals) = postSolution
		SolutionGuid = {F740BDCE-E852-43B9-A17B-22EC1B7A2275}
	EndGlobalSection
EndGlobal
