
Microsoft Visual Studio Solution File, Format Version 12.00
# Visual Studio 15
VisualStudioVersion = 15.0.28307.489
MinimumVisualStudioVersion = 10.0.40219.1
Project("{8BC9CEB8-8B4A-11D0-8D11-00A0C91BC942}") = "实验4.1", "实验4.1\实验4.1.vcxproj", "{B9BC73F2-6801-41C7-9524-DBF0E05C8C82}"
EndProject
Global
	GlobalSection(SolutionConfigurationPlatforms) = preSolution
		Debug|x64 = Debug|x64
		Debug|x86 = Debug|x86
		Release|x64 = Release|x64
		Release|x86 = Release|x86
	EndGlobalSection
	GlobalSection(ProjectConfigurationPlatforms) = postSolution
		{B9BC73F2-6801-41C7-9524-DBF0E05C8C82}.Debug|x64.ActiveCfg = Debug|x64
		{B9BC73F2-6801-41C7-9524-DBF0E05C8C82}.Debug|x64.Build.0 = Debug|x64
		{B9BC73F2-6801-41C7-9524-DBF0E05C8C82}.Debug|x86.ActiveCfg = Debug|Win32
		{B9BC73F2-6801-41C7-9524-DBF0E05C8C82}.Debug|x86.Build.0 = Debug|Win32
		{B9BC73F2-6801-41C7-9524-DBF0E05C8C82}.Release|x64.ActiveCfg = Release|x64
		{B9BC73F2-6801-41C7-9524-DBF0E05C8C82}.Release|x64.Build.0 = Release|x64
		{B9BC73F2-6801-41C7-9524-DBF0E05C8C82}.Release|x86.ActiveCfg = Release|Win32
		{B9BC73F2-6801-41C7-9524-DBF0E05C8C82}.Release|x86.Build.0 = Release|Win32
	EndGlobalSection
	GlobalSection(SolutionProperties) = preSolution
		HideSolutionNode = FALSE
	EndGlobalSection
	GlobalSection(ExtensibilityGlobals) = postSolution
		SolutionGuid = {3E4E7747-45D6-460F-B966-F09BB5CF960C}
	EndGlobalSection
EndGlobal
