
Microsoft Visual Studio Solution File, Format Version 12.00
# Visual Studio 15
VisualStudioVersion = 15.0.28307.489
MinimumVisualStudioVersion = 10.0.40219.1
Project("{8BC9CEB8-8B4A-11D0-8D11-00A0C91BC942}") = "P1464 Function", "P1464 Function\P1464 Function.vcxproj", "{856BF713-8BC6-4805-9815-E008C47FCB3D}"
EndProject
Global
	GlobalSection(SolutionConfigurationPlatforms) = preSolution
		Debug|x64 = Debug|x64
		Debug|x86 = Debug|x86
		Release|x64 = Release|x64
		Release|x86 = Release|x86
	EndGlobalSection
	GlobalSection(ProjectConfigurationPlatforms) = postSolution
		{856BF713-8BC6-4805-9815-E008C47FCB3D}.Debug|x64.ActiveCfg = Debug|x64
		{856BF713-8BC6-4805-9815-E008C47FCB3D}.Debug|x64.Build.0 = Debug|x64
		{856BF713-8BC6-4805-9815-E008C47FCB3D}.Debug|x86.ActiveCfg = Debug|Win32
		{856BF713-8BC6-4805-9815-E008C47FCB3D}.Debug|x86.Build.0 = Debug|Win32
		{856BF713-8BC6-4805-9815-E008C47FCB3D}.Release|x64.ActiveCfg = Release|x64
		{856BF713-8BC6-4805-9815-E008C47FCB3D}.Release|x64.Build.0 = Release|x64
		{856BF713-8BC6-4805-9815-E008C47FCB3D}.Release|x86.ActiveCfg = Release|Win32
		{856BF713-8BC6-4805-9815-E008C47FCB3D}.Release|x86.Build.0 = Release|Win32
	EndGlobalSection
	GlobalSection(SolutionProperties) = preSolution
		HideSolutionNode = FALSE
	EndGlobalSection
	GlobalSection(ExtensibilityGlobals) = postSolution
		SolutionGuid = {240C9353-7A9B-419F-B248-0DE8351F4321}
	EndGlobalSection
EndGlobal
