
Microsoft Visual Studio Solution File, Format Version 12.00
# Visual Studio 15
VisualStudioVersion = 15.0.28307.489
MinimumVisualStudioVersion = 10.0.40219.1
Project("{8BC9CEB8-8B4A-11D0-8D11-00A0C91BC942}") = "废题", "废题\废题.vcxproj", "{CD1CBC9A-E16A-42EB-A793-D4577056AB2C}"
EndProject
Global
	GlobalSection(SolutionConfigurationPlatforms) = preSolution
		Debug|x64 = Debug|x64
		Debug|x86 = Debug|x86
		Release|x64 = Release|x64
		Release|x86 = Release|x86
	EndGlobalSection
	GlobalSection(ProjectConfigurationPlatforms) = postSolution
		{CD1CBC9A-E16A-42EB-A793-D4577056AB2C}.Debug|x64.ActiveCfg = Debug|x64
		{CD1CBC9A-E16A-42EB-A793-D4577056AB2C}.Debug|x64.Build.0 = Debug|x64
		{CD1CBC9A-E16A-42EB-A793-D4577056AB2C}.Debug|x86.ActiveCfg = Debug|Win32
		{CD1CBC9A-E16A-42EB-A793-D4577056AB2C}.Debug|x86.Build.0 = Debug|Win32
		{CD1CBC9A-E16A-42EB-A793-D4577056AB2C}.Release|x64.ActiveCfg = Release|x64
		{CD1CBC9A-E16A-42EB-A793-D4577056AB2C}.Release|x64.Build.0 = Release|x64
		{CD1CBC9A-E16A-42EB-A793-D4577056AB2C}.Release|x86.ActiveCfg = Release|Win32
		{CD1CBC9A-E16A-42EB-A793-D4577056AB2C}.Release|x86.Build.0 = Release|Win32
	EndGlobalSection
	GlobalSection(SolutionProperties) = preSolution
		HideSolutionNode = FALSE
	EndGlobalSection
	GlobalSection(ExtensibilityGlobals) = postSolution
		SolutionGuid = {D5B553C3-77B4-43D2-B42D-A15B711656B1}
	EndGlobalSection
EndGlobal
