
Microsoft Visual Studio Solution File, Format Version 12.00
# Visual Studio 15
VisualStudioVersion = 15.0.28307.489
MinimumVisualStudioVersion = 10.0.40219.1
Project("{8BC9CEB8-8B4A-11D0-8D11-00A0C91BC942}") = "实验7.1", "实验7.1\实验7.1.vcxproj", "{2608D182-AA33-47A4-807A-30FD30C6DEAA}"
EndProject
Global
	GlobalSection(SolutionConfigurationPlatforms) = preSolution
		Debug|x64 = Debug|x64
		Debug|x86 = Debug|x86
		Release|x64 = Release|x64
		Release|x86 = Release|x86
	EndGlobalSection
	GlobalSection(ProjectConfigurationPlatforms) = postSolution
		{2608D182-AA33-47A4-807A-30FD30C6DEAA}.Debug|x64.ActiveCfg = Debug|x64
		{2608D182-AA33-47A4-807A-30FD30C6DEAA}.Debug|x64.Build.0 = Debug|x64
		{2608D182-AA33-47A4-807A-30FD30C6DEAA}.Debug|x86.ActiveCfg = Debug|Win32
		{2608D182-AA33-47A4-807A-30FD30C6DEAA}.Debug|x86.Build.0 = Debug|Win32
		{2608D182-AA33-47A4-807A-30FD30C6DEAA}.Release|x64.ActiveCfg = Release|x64
		{2608D182-AA33-47A4-807A-30FD30C6DEAA}.Release|x64.Build.0 = Release|x64
		{2608D182-AA33-47A4-807A-30FD30C6DEAA}.Release|x86.ActiveCfg = Release|Win32
		{2608D182-AA33-47A4-807A-30FD30C6DEAA}.Release|x86.Build.0 = Release|Win32
	EndGlobalSection
	GlobalSection(SolutionProperties) = preSolution
		HideSolutionNode = FALSE
	EndGlobalSection
	GlobalSection(ExtensibilityGlobals) = postSolution
		SolutionGuid = {0D1CC822-CD51-4658-9EBA-835AA7DF8CE4}
	EndGlobalSection
EndGlobal
