
Microsoft Visual Studio Solution File, Format Version 12.00
# Visual Studio 15
VisualStudioVersion = 15.0.28307.489
MinimumVisualStudioVersion = 10.0.40219.1
Project("{8BC9CEB8-8B4A-11D0-8D11-00A0C91BC942}") = "P1538 迎春舞会之数字舞蹈", "P1538 迎春舞会之数字舞蹈\P1538 迎春舞会之数字舞蹈.vcxproj", "{842D7A11-6D5F-404A-B430-4390A60DB5B9}"
EndProject
Global
	GlobalSection(SolutionConfigurationPlatforms) = preSolution
		Debug|x64 = Debug|x64
		Debug|x86 = Debug|x86
		Release|x64 = Release|x64
		Release|x86 = Release|x86
	EndGlobalSection
	GlobalSection(ProjectConfigurationPlatforms) = postSolution
		{842D7A11-6D5F-404A-B430-4390A60DB5B9}.Debug|x64.ActiveCfg = Debug|x64
		{842D7A11-6D5F-404A-B430-4390A60DB5B9}.Debug|x64.Build.0 = Debug|x64
		{842D7A11-6D5F-404A-B430-4390A60DB5B9}.Debug|x86.ActiveCfg = Debug|Win32
		{842D7A11-6D5F-404A-B430-4390A60DB5B9}.Debug|x86.Build.0 = Debug|Win32
		{842D7A11-6D5F-404A-B430-4390A60DB5B9}.Release|x64.ActiveCfg = Release|x64
		{842D7A11-6D5F-404A-B430-4390A60DB5B9}.Release|x64.Build.0 = Release|x64
		{842D7A11-6D5F-404A-B430-4390A60DB5B9}.Release|x86.ActiveCfg = Release|Win32
		{842D7A11-6D5F-404A-B430-4390A60DB5B9}.Release|x86.Build.0 = Release|Win32
	EndGlobalSection
	GlobalSection(SolutionProperties) = preSolution
		HideSolutionNode = FALSE
	EndGlobalSection
	GlobalSection(ExtensibilityGlobals) = postSolution
		SolutionGuid = {04C601F0-CB3F-4FCE-8EF4-C1C3EC6EEF01}
	EndGlobalSection
EndGlobal
