
Microsoft Visual Studio Solution File, Format Version 12.00
# Visual Studio 15
VisualStudioVersion = 15.0.28307.489
MinimumVisualStudioVersion = 10.0.40219.1
Project("{8BC9CEB8-8B4A-11D0-8D11-00A0C91BC942}") = "绿色计算机大赛", "绿色计算机大赛\绿色计算机大赛.vcxproj", "{AC114450-BFF3-48B0-929E-25D5F500BAA8}"
EndProject
Global
	GlobalSection(SolutionConfigurationPlatforms) = preSolution
		Debug|x64 = Debug|x64
		Debug|x86 = Debug|x86
		Release|x64 = Release|x64
		Release|x86 = Release|x86
	EndGlobalSection
	GlobalSection(ProjectConfigurationPlatforms) = postSolution
		{AC114450-BFF3-48B0-929E-25D5F500BAA8}.Debug|x64.ActiveCfg = Debug|x64
		{AC114450-BFF3-48B0-929E-25D5F500BAA8}.Debug|x64.Build.0 = Debug|x64
		{AC114450-BFF3-48B0-929E-25D5F500BAA8}.Debug|x86.ActiveCfg = Debug|Win32
		{AC114450-BFF3-48B0-929E-25D5F500BAA8}.Debug|x86.Build.0 = Debug|Win32
		{AC114450-BFF3-48B0-929E-25D5F500BAA8}.Release|x64.ActiveCfg = Release|x64
		{AC114450-BFF3-48B0-929E-25D5F500BAA8}.Release|x64.Build.0 = Release|x64
		{AC114450-BFF3-48B0-929E-25D5F500BAA8}.Release|x86.ActiveCfg = Release|Win32
		{AC114450-BFF3-48B0-929E-25D5F500BAA8}.Release|x86.Build.0 = Release|Win32
	EndGlobalSection
	GlobalSection(SolutionProperties) = preSolution
		HideSolutionNode = FALSE
	EndGlobalSection
	GlobalSection(ExtensibilityGlobals) = postSolution
		SolutionGuid = {11BD62F9-1925-4B5A-86F6-B65C5AC559E6}
	EndGlobalSection
EndGlobal
